
Microsoft Visual Studio Solution File, Format Version 12.00
# Visual Studio 15
VisualStudioVersion = 15.0.28307.168
MinimumVisualStudioVersion = 10.0.40219.1
Project("{FAE04EC0-301F-11D3-BF4B-00C04F79EFBC}") = "NeverEmptyBag.Android", "NeverEmptyBag\NeverEmptyBag.Android\NeverEmptyBag.Android.csproj", "{145B62CA-6C1F-4130-87D7-B7AE4EFDCDD2}"
EndProject
Project("{FAE04EC0-301F-11D3-BF4B-00C04F79EFBC}") = "NeverEmptyBag.iOS", "NeverEmptyBag\NeverEmptyBag.iOS\NeverEmptyBag.iOS.csproj", "{22B3A274-DFF3-4E44-ACDC-72E6CBD325BF}"
EndProject
Project("{FAE04EC0-301F-11D3-BF4B-00C04F79EFBC}") = "NeverEmptyBag", "NeverEmptyBag\NeverEmptyBag\NeverEmptyBag.csproj", "{B38A652B-0E50-4422-921B-1B4AA6F32323}"
EndProject
Global
	GlobalSection(SolutionConfigurationPlatforms) = preSolution
		Ad-Hoc|Any CPU = Ad-Hoc|Any CPU
		Ad-Hoc|iPhone = Ad-Hoc|iPhone
		Ad-Hoc|iPhoneSimulator = Ad-Hoc|iPhoneSimulator
		AppStore|Any CPU = AppStore|Any CPU
		AppStore|iPhone = AppStore|iPhone
		AppStore|iPhoneSimulator = AppStore|iPhoneSimulator
		Debug|Any CPU = Debug|Any CPU
		Debug|iPhone = Debug|iPhone
		Debug|iPhoneSimulator = Debug|iPhoneSimulator
		Release|Any CPU = Release|Any CPU
		Release|iPhone = Release|iPhone
		Release|iPhoneSimulator = Release|iPhoneSimulator
	EndGlobalSection
	GlobalSection(ProjectConfigurationPlatforms) = postSolution
		{145B62CA-6C1F-4130-87D7-B7AE4EFDCDD2}.Ad-Hoc|Any CPU.ActiveCfg = Release|Any CPU
		{145B62CA-6C1F-4130-87D7-B7AE4EFDCDD2}.Ad-Hoc|Any CPU.Build.0 = Release|Any CPU
		{145B62CA-6C1F-4130-87D7-B7AE4EFDCDD2}.Ad-Hoc|Any CPU.Deploy.0 = Release|Any CPU
		{145B62CA-6C1F-4130-87D7-B7AE4EFDCDD2}.Ad-Hoc|iPhone.ActiveCfg = Release|Any CPU
		{145B62CA-6C1F-4130-87D7-B7AE4EFDCDD2}.Ad-Hoc|iPhone.Build.0 = Release|Any CPU
		{145B62CA-6C1F-4130-87D7-B7AE4EFDCDD2}.Ad-Hoc|iPhone.Deploy.0 = Release|Any CPU
		{145B62CA-6C1F-4130-87D7-B7AE4EFDCDD2}.Ad-Hoc|iPhoneSimulator.ActiveCfg = Release|Any CPU
		{145B62CA-6C1F-4130-87D7-B7AE4EFDCDD2}.Ad-Hoc|iPhoneSimulator.Build.0 = Release|Any CPU
		{145B62CA-6C1F-4130-87D7-B7AE4EFDCDD2}.Ad-Hoc|iPhoneSimulator.Deploy.0 = Release|Any CPU
		{145B62CA-6C1F-4130-87D7-B7AE4EFDCDD2}.AppStore|Any CPU.ActiveCfg = Release|Any CPU
		{145B62CA-6C1F-4130-87D7-B7AE4EFDCDD2}.AppStore|Any CPU.Build.0 = Release|Any CPU
		{145B62CA-6C1F-4130-87D7-B7AE4EFDCDD2}.AppStore|Any CPU.Deploy.0 = Release|Any CPU
		{145B62CA-6C1F-4130-87D7-B7AE4EFDCDD2}.AppStore|iPhone.ActiveCfg = Release|Any CPU
		{145B62CA-6C1F-4130-87D7-B7AE4EFDCDD2}.AppStore|iPhone.Build.0 = Release|Any CPU
		{145B62CA-6C1F-4130-87D7-B7AE4EFDCDD2}.AppStore|iPhone.Deploy.0 = Release|Any CPU
		{145B62CA-6C1F-4130-87D7-B7AE4EFDCDD2}.AppStore|iPhoneSimulator.ActiveCfg = Release|Any CPU
		{145B62CA-6C1F-4130-87D7-B7AE4EFDCDD2}.AppStore|iPhoneSimulator.Build.0 = Release|Any CPU
		{145B62CA-6C1F-4130-87D7-B7AE4EFDCDD2}.AppStore|iPhoneSimulator.Deploy.0 = Release|Any CPU
		{145B62CA-6C1F-4130-87D7-B7AE4EFDCDD2}.Debug|Any CPU.ActiveCfg = Debug|Any CPU
		{145B62CA-6C1F-4130-87D7-B7AE4EFDCDD2}.Debug|Any CPU.Build.0 = Debug|Any CPU
		{145B62CA-6C1F-4130-87D7-B7AE4EFDCDD2}.Debug|Any CPU.Deploy.0 = Debug|Any CPU
		{145B62CA-6C1F-4130-87D7-B7AE4EFDCDD2}.Debug|iPhone.ActiveCfg = Debug|Any CPU
		{145B62CA-6C1F-4130-87D7-B7AE4EFDCDD2}.Debug|iPhone.Build.0 = Debug|Any CPU
		{145B62CA-6C1F-4130-87D7-B7AE4EFDCDD2}.Debug|iPhone.Deploy.0 = Debug|Any CPU
		{145B62CA-6C1F-4130-87D7-B7AE4EFDCDD2}.Debug|iPhoneSimulator.ActiveCfg = Debug|Any CPU
		{145B62CA-6C1F-4130-87D7-B7AE4EFDCDD2}.Debug|iPhoneSimulator.Build.0 = Debug|Any CPU
		{145B62CA-6C1F-4130-87D7-B7AE4EFDCDD2}.Debug|iPhoneSimulator.Deploy.0 = Debug|Any CPU
		{145B62CA-6C1F-4130-87D7-B7AE4EFDCDD2}.Release|Any CPU.ActiveCfg = Release|Any CPU
		{145B62CA-6C1F-4130-87D7-B7AE4EFDCDD2}.Release|Any CPU.Build.0 = Release|Any CPU
		{145B62CA-6C1F-4130-87D7-B7AE4EFDCDD2}.Release|Any CPU.Deploy.0 = Release|Any CPU
		{145B62CA-6C1F-4130-87D7-B7AE4EFDCDD2}.Release|iPhone.ActiveCfg = Release|Any CPU
		{145B62CA-6C1F-4130-87D7-B7AE4EFDCDD2}.Release|iPhone.Build.0 = Release|Any CPU
		{145B62CA-6C1F-4130-87D7-B7AE4EFDCDD2}.Release|iPhone.Deploy.0 = Release|Any CPU
		{145B62CA-6C1F-4130-87D7-B7AE4EFDCDD2}.Release|iPhoneSimulator.ActiveCfg = Release|Any CPU
		{145B62CA-6C1F-4130-87D7-B7AE4EFDCDD2}.Release|iPhoneSimulator.Build.0 = Release|Any CPU
		{145B62CA-6C1F-4130-87D7-B7AE4EFDCDD2}.Release|iPhoneSimulator.Deploy.0 = Release|Any CPU
		{22B3A274-DFF3-4E44-ACDC-72E6CBD325BF}.Ad-Hoc|Any CPU.ActiveCfg = Ad-Hoc|iPhone
		{22B3A274-DFF3-4E44-ACDC-72E6CBD325BF}.Ad-Hoc|Any CPU.Build.0 = Ad-Hoc|iPhone
		{22B3A274-DFF3-4E44-ACDC-72E6CBD325BF}.Ad-Hoc|Any CPU.Deploy.0 = Ad-Hoc|iPhone
		{22B3A274-DFF3-4E44-ACDC-72E6CBD325BF}.Ad-Hoc|iPhone.ActiveCfg = Ad-Hoc|iPhone
		{22B3A274-DFF3-4E44-ACDC-72E6CBD325BF}.Ad-Hoc|iPhone.Build.0 = Ad-Hoc|iPhone
		{22B3A274-DFF3-4E44-ACDC-72E6CBD325BF}.Ad-Hoc|iPhone.Deploy.0 = Ad-Hoc|iPhone
		{22B3A274-DFF3-4E44-ACDC-72E6CBD325BF}.Ad-Hoc|iPhoneSimulator.ActiveCfg = Ad-Hoc|iPhoneSimulator
		{22B3A274-DFF3-4E44-ACDC-72E6CBD325BF}.Ad-Hoc|iPhoneSimulator.Build.0 = Ad-Hoc|iPhoneSimulator
		{22B3A274-DFF3-4E44-ACDC-72E6CBD325BF}.Ad-Hoc|iPhoneSimulator.Deploy.0 = Ad-Hoc|iPhoneSimulator
		{22B3A274-DFF3-4E44-ACDC-72E6CBD325BF}.AppStore|Any CPU.ActiveCfg = AppStore|iPhone
		{22B3A274-DFF3-4E44-ACDC-72E6CBD325BF}.AppStore|Any CPU.Build.0 = AppStore|iPhone
		{22B3A274-DFF3-4E44-ACDC-72E6CBD325BF}.AppStore|Any CPU.Deploy.0 = AppStore|iPhone
		{22B3A274-DFF3-4E44-ACDC-72E6CBD325BF}.AppStore|iPhone.ActiveCfg = AppStore|iPhone
		{22B3A274-DFF3-4E44-ACDC-72E6CBD325BF}.AppStore|iPhone.Build.0 = AppStore|iPhone
		{22B3A274-DFF3-4E44-ACDC-72E6CBD325BF}.AppStore|iPhone.Deploy.0 = AppStore|iPhone
		{22B3A274-DFF3-4E44-ACDC-72E6CBD325BF}.AppStore|iPhoneSimulator.ActiveCfg = AppStore|iPhoneSimulator
		{22B3A274-DFF3-4E44-ACDC-72E6CBD325BF}.AppStore|iPhoneSimulator.Build.0 = AppStore|iPhoneSimulator
		{22B3A274-DFF3-4E44-ACDC-72E6CBD325BF}.AppStore|iPhoneSimulator.Deploy.0 = AppStore|iPhoneSimulator
		{22B3A274-DFF3-4E44-ACDC-72E6CBD325BF}.Debug|Any CPU.ActiveCfg = Debug|iPhoneSimulator
		{22B3A274-DFF3-4E44-ACDC-72E6CBD325BF}.Debug|Any CPU.Build.0 = Debug|iPhoneSimulator
		{22B3A274-DFF3-4E44-ACDC-72E6CBD325BF}.Debug|Any CPU.Deploy.0 = Debug|iPhoneSimulator
		{22B3A274-DFF3-4E44-ACDC-72E6CBD325BF}.Debug|iPhone.ActiveCfg = Debug|iPhone
		{22B3A274-DFF3-4E44-ACDC-72E6CBD325BF}.Debug|iPhone.Build.0 = Debug|iPhone
		{22B3A274-DFF3-4E44-ACDC-72E6CBD325BF}.Debug|iPhone.Deploy.0 = Debug|iPhone
		{22B3A274-DFF3-4E44-ACDC-72E6CBD325BF}.Debug|iPhoneSimulator.ActiveCfg = Debug|iPhoneSimulator
		{22B3A274-DFF3-4E44-ACDC-72E6CBD325BF}.Debug|iPhoneSimulator.Build.0 = Debug|iPhoneSimulator
		{22B3A274-DFF3-4E44-ACDC-72E6CBD325BF}.Debug|iPhoneSimulator.Deploy.0 = Debug|iPhoneSimulator
		{22B3A274-DFF3-4E44-ACDC-72E6CBD325BF}.Release|Any CPU.ActiveCfg = Release|iPhone
		{22B3A274-DFF3-4E44-ACDC-72E6CBD325BF}.Release|Any CPU.Build.0 = Release|iPhone
		{22B3A274-DFF3-4E44-ACDC-72E6CBD325BF}.Release|Any CPU.Deploy.0 = Release|iPhone
		{22B3A274-DFF3-4E44-ACDC-72E6CBD325BF}.Release|iPhone.ActiveCfg = Release|iPhone
		{22B3A274-DFF3-4E44-ACDC-72E6CBD325BF}.Release|iPhone.Build.0 = Release|iPhone
		{22B3A274-DFF3-4E44-ACDC-72E6CBD325BF}.Release|iPhone.Deploy.0 = Release|iPhone
		{22B3A274-DFF3-4E44-ACDC-72E6CBD325BF}.Release|iPhoneSimulator.ActiveCfg = Release|iPhoneSimulator
		{22B3A274-DFF3-4E44-ACDC-72E6CBD325BF}.Release|iPhoneSimulator.Build.0 = Release|iPhoneSimulator
		{22B3A274-DFF3-4E44-ACDC-72E6CBD325BF}.Release|iPhoneSimulator.Deploy.0 = Release|iPhoneSimulator
		{B38A652B-0E50-4422-921B-1B4AA6F32323}.Ad-Hoc|Any CPU.ActiveCfg = Debug|Any CPU
		{B38A652B-0E50-4422-921B-1B4AA6F32323}.Ad-Hoc|Any CPU.Build.0 = Debug|Any CPU
		{B38A652B-0E50-4422-921B-1B4AA6F32323}.Ad-Hoc|Any CPU.Deploy.0 = Debug|Any CPU
		{B38A652B-0E50-4422-921B-1B4AA6F32323}.Ad-Hoc|iPhone.ActiveCfg = Debug|Any CPU
		{B38A652B-0E50-4422-921B-1B4AA6F32323}.Ad-Hoc|iPhone.Build.0 = Debug|Any CPU
		{B38A652B-0E50-4422-921B-1B4AA6F32323}.Ad-Hoc|iPhone.Deploy.0 = Debug|Any CPU
		{B38A652B-0E50-4422-921B-1B4AA6F32323}.Ad-Hoc|iPhoneSimulator.ActiveCfg = Debug|Any CPU
		{B38A652B-0E50-4422-921B-1B4AA6F32323}.Ad-Hoc|iPhoneSimulator.Build.0 = Debug|Any CPU
		{B38A652B-0E50-4422-921B-1B4AA6F32323}.Ad-Hoc|iPhoneSimulator.Deploy.0 = Debug|Any CPU
		{B38A652B-0E50-4422-921B-1B4AA6F32323}.AppStore|Any CPU.ActiveCfg = Debug|Any CPU
		{B38A652B-0E50-4422-921B-1B4AA6F32323}.AppStore|Any CPU.Build.0 = Debug|Any CPU
		{B38A652B-0E50-4422-921B-1B4AA6F32323}.AppStore|Any CPU.Deploy.0 = Debug|Any CPU
		{B38A652B-0E50-4422-921B-1B4AA6F32323}.AppStore|iPhone.ActiveCfg = Debug|Any CPU
		{B38A652B-0E50-4422-921B-1B4AA6F32323}.AppStore|iPhone.Build.0 = Debug|Any CPU
		{B38A652B-0E50-4422-921B-1B4AA6F32323}.AppStore|iPhone.Deploy.0 = Debug|Any CPU
		{B38A652B-0E50-4422-921B-1B4AA6F32323}.AppStore|iPhoneSimulator.ActiveCfg = Debug|Any CPU
		{B38A652B-0E50-4422-921B-1B4AA6F32323}.AppStore|iPhoneSimulator.Build.0 = Debug|Any CPU
		{B38A652B-0E50-4422-921B-1B4AA6F32323}.AppStore|iPhoneSimulator.Deploy.0 = Debug|Any CPU
		{B38A652B-0E50-4422-921B-1B4AA6F32323}.Debug|Any CPU.ActiveCfg = Debug|Any CPU
		{B38A652B-0E50-4422-921B-1B4AA6F32323}.Debug|Any CPU.Build.0 = Debug|Any CPU
		{B38A652B-0E50-4422-921B-1B4AA6F32323}.Debug|Any CPU.Deploy.0 = Debug|Any CPU
		{B38A652B-0E50-4422-921B-1B4AA6F32323}.Debug|iPhone.ActiveCfg = Debug|Any CPU
		{B38A652B-0E50-4422-921B-1B4AA6F32323}.Debug|iPhone.Build.0 = Debug|Any CPU
		{B38A652B-0E50-4422-921B-1B4AA6F32323}.Debug|iPhone.Deploy.0 = Debug|Any CPU
		{B38A652B-0E50-4422-921B-1B4AA6F32323}.Debug|iPhoneSimulator.ActiveCfg = Debug|Any CPU
		{B38A652B-0E50-4422-921B-1B4AA6F32323}.Debug|iPhoneSimulator.Build.0 = Debug|Any CPU
		{B38A652B-0E50-4422-921B-1B4AA6F32323}.Debug|iPhoneSimulator.Deploy.0 = Debug|Any CPU
		{B38A652B-0E50-4422-921B-1B4AA6F32323}.Release|Any CPU.ActiveCfg = Release|Any CPU
		{B38A652B-0E50-4422-921B-1B4AA6F32323}.Release|Any CPU.Build.0 = Release|Any CPU
		{B38A652B-0E50-4422-921B-1B4AA6F32323}.Release|Any CPU.Deploy.0 = Release|Any CPU
		{B38A652B-0E50-4422-921B-1B4AA6F32323}.Release|iPhone.ActiveCfg = Release|Any CPU
		{B38A652B-0E50-4422-921B-1B4AA6F32323}.Release|iPhone.Build.0 = Release|Any CPU
		{B38A652B-0E50-4422-921B-1B4AA6F32323}.Release|iPhone.Deploy.0 = Release|Any CPU
		{B38A652B-0E50-4422-921B-1B4AA6F32323}.Release|iPhoneSimulator.ActiveCfg = Release|Any CPU
		{B38A652B-0E50-4422-921B-1B4AA6F32323}.Release|iPhoneSimulator.Build.0 = Release|Any CPU
		{B38A652B-0E50-4422-921B-1B4AA6F32323}.Release|iPhoneSimulator.Deploy.0 = Release|Any CPU
	EndGlobalSection
	GlobalSection(SolutionProperties) = preSolution
		HideSolutionNode = FALSE
	EndGlobalSection
	GlobalSection(ExtensibilityGlobals) = postSolution
		SolutionGuid = {BD7D3636-1854-4844-83E2-0F11ECE50609}
	EndGlobalSection
EndGlobal
